
Microsoft Visual Studio Solution File, Format Version 12.00
# Visual Studio Version 17
VisualStudioVersion = 17.9.34622.214
MinimumVisualStudioVersion = 10.0.40219.1
Project("{9A19103F-16F7-4668-BE54-9A1E7A4F7556}") = "ETLProject", "ETLProject\ETLProject.csproj", "{0BD5327D-185B-463D-9269-09893625B9F1}"
EndProject
Project("{FAE04EC0-301F-11D3-BF4B-00C04F79EFBC}") = "ETLProject.Core", "ETLProject.Core\ETLProject.Core.csproj", "{006C332A-ADF0-4D47-B4A7-FADFEC1B5AF9}"
EndProject
Project("{FAE04EC0-301F-11D3-BF4B-00C04F79EFBC}") = "ETLProject.Infrastructure", "ETLProject.Infrastructure\ETLProject.Infrastructure.csproj", "{B272E404-A955-4816-82E3-C3DFB8E2DD6D}"
EndProject
Project("{FAE04EC0-301F-11D3-BF4B-00C04F79EFBC}") = "ETLProject.Tests", "ETLProject.Tests\ETLProject.Tests.csproj", "{375A315A-2B02-4054-90FF-9F6788778F37}"
EndProject
Global
	GlobalSection(SolutionConfigurationPlatforms) = preSolution
		Debug|Any CPU = Debug|Any CPU
		Release|Any CPU = Release|Any CPU
	EndGlobalSection
	GlobalSection(ProjectConfigurationPlatforms) = postSolution
		{0BD5327D-185B-463D-9269-09893625B9F1}.Debug|Any CPU.ActiveCfg = Debug|Any CPU
		{0BD5327D-185B-463D-9269-09893625B9F1}.Debug|Any CPU.Build.0 = Debug|Any CPU
		{0BD5327D-185B-463D-9269-09893625B9F1}.Release|Any CPU.ActiveCfg = Release|Any CPU
		{0BD5327D-185B-463D-9269-09893625B9F1}.Release|Any CPU.Build.0 = Release|Any CPU
		{006C332A-ADF0-4D47-B4A7-FADFEC1B5AF9}.Debug|Any CPU.ActiveCfg = Debug|Any CPU
		{006C332A-ADF0-4D47-B4A7-FADFEC1B5AF9}.Debug|Any CPU.Build.0 = Debug|Any CPU
		{006C332A-ADF0-4D47-B4A7-FADFEC1B5AF9}.Release|Any CPU.ActiveCfg = Release|Any CPU
		{006C332A-ADF0-4D47-B4A7-FADFEC1B5AF9}.Release|Any CPU.Build.0 = Release|Any CPU
		{B272E404-A955-4816-82E3-C3DFB8E2DD6D}.Debug|Any CPU.ActiveCfg = Debug|Any CPU
		{B272E404-A955-4816-82E3-C3DFB8E2DD6D}.Debug|Any CPU.Build.0 = Debug|Any CPU
		{B272E404-A955-4816-82E3-C3DFB8E2DD6D}.Release|Any CPU.ActiveCfg = Release|Any CPU
		{B272E404-A955-4816-82E3-C3DFB8E2DD6D}.Release|Any CPU.Build.0 = Release|Any CPU
		{375A315A-2B02-4054-90FF-9F6788778F37}.Debug|Any CPU.ActiveCfg = Debug|Any CPU
		{375A315A-2B02-4054-90FF-9F6788778F37}.Debug|Any CPU.Build.0 = Debug|Any CPU
		{375A315A-2B02-4054-90FF-9F6788778F37}.Release|Any CPU.ActiveCfg = Release|Any CPU
		{375A315A-2B02-4054-90FF-9F6788778F37}.Release|Any CPU.Build.0 = Release|Any CPU
	EndGlobalSection
	GlobalSection(SolutionProperties) = preSolution
		HideSolutionNode = FALSE
	EndGlobalSection
	GlobalSection(ExtensibilityGlobals) = postSolution
		SolutionGuid = {7AC94822-3F89-458E-952B-26E7749F40D0}
	EndGlobalSection
EndGlobal
